// !$*UTF8*$!
{
	archiveVersion = 1;
	classes = {
	};
	objectVersion = 77;
	objects = {

/* Begin PBXBuildFile section */
		73188F922D251E6C00438B60 /* Lottie in Frameworks */ = {isa = PBXBuildFile; productRef = 73188F912D251E6C00438B60 /* Lottie */; };
		7375442E2D21015100547D96 /* UIKit.framework in Frameworks */ = {isa = PBXBuildFile; fileRef = 7375442D2D21015100547D96 /* UIKit.framework */; };
		73C01C412D2E1F0E0095E457 /* Settings.bundle in Resources */ = {isa = PBXBuildFile; fileRef = 73C01C402D2E1F0E0095E457 /* Settings.bundle */; };
/* End PBXBuildFile section */

/* Begin PBXContainerItemProxy section */
		73A873342D1FD2EB00BC1E80 /* PBXContainerItemProxy */ = {
			isa = PBXContainerItemProxy;
			containerPortal = 73A8731B2D1FD2E700BC1E80 /* Project object */;
			proxyType = 1;
			remoteGlobalIDString = 73A873222D1FD2E800BC1E80;
			remoteInfo = Friday;
		};
		73A8733E2D1FD2EB00BC1E80 /* PBXContainerItemProxy */ = {
			isa = PBXContainerItemProxy;
			containerPortal = 73A8731B2D1FD2E700BC1E80 /* Project object */;
			proxyType = 1;
			remoteGlobalIDString = 73A873222D1FD2E800BC1E80;
			remoteInfo = Friday;
		};
/* End PBXContainerItemProxy section */

/* Begin PBXFileReference section */
		7375442D2D21015100547D96 /* UIKit.framework */ = {isa = PBXFileReference; lastKnownFileType = wrapper.framework; name = UIKit.framework; path = System/Library/Frameworks/UIKit.framework; sourceTree = SDKROOT; };
		73A873232D1FD2E800BC1E80 /* Friday.app */ = {isa = PBXFileReference; explicitFileType = wrapper.application; includeInIndex = 0; path = Friday.app; sourceTree = BUILT_PRODUCTS_DIR; };
		73A873332D1FD2EB00BC1E80 /* FridayTests.xctest */ = {isa = PBXFileReference; explicitFileType = wrapper.cfbundle; includeInIndex = 0; path = FridayTests.xctest; sourceTree = BUILT_PRODUCTS_DIR; };
		73A8733D2D1FD2EB00BC1E80 /* FridayUITests.xctest */ = {isa = PBXFileReference; explicitFileType = wrapper.cfbundle; includeInIndex = 0; path = FridayUITests.xctest; sourceTree = BUILT_PRODUCTS_DIR; };
		73C01C402D2E1F0E0095E457 /* Settings.bundle */ = {isa = PBXFileReference; lastKnownFileType = "wrapper.plug-in"; path = Settings.bundle; sourceTree = "<group>"; };
/* End PBXFileReference section */

/* Begin PBXFileSystemSynchronizedBuildFileExceptionSet section */
		734ACD482D1FDBB40032DD2A /* Exceptions for "Friday" folder in "Friday" target */ = {
			isa = PBXFileSystemSynchronizedBuildFileExceptionSet;
			membershipExceptions = (
				Info.plist,
			);
			target = 73A873222D1FD2E800BC1E80 /* Friday */;
		};
/* End PBXFileSystemSynchronizedBuildFileExceptionSet section */

/* Begin PBXFileSystemSynchronizedRootGroup section */
		73A873252D1FD2E800BC1E80 /* Friday */ = {
			isa = PBXFileSystemSynchronizedRootGroup;
			exceptions = (
				734ACD482D1FDBB40032DD2A /* Exceptions for "Friday" folder in "Friday" target */,
			);
			path = Friday;
			sourceTree = "<group>";
		};
		73A873362D1FD2EB00BC1E80 /* FridayTests */ = {
			isa = PBXFileSystemSynchronizedRootGroup;
			path = FridayTests;
			sourceTree = "<group>";
		};
		73A873402D1FD2EB00BC1E80 /* FridayUITests */ = {
			isa = PBXFileSystemSynchronizedRootGroup;
			path = FridayUITests;
			sourceTree = "<group>";
		};
/* End PBXFileSystemSynchronizedRootGroup section */

/* Begin PBXFrameworksBuildPhase section */
		73A873202D1FD2E800BC1E80 /* Frameworks */ = {
			isa = PBXFrameworksBuildPhase;
			buildActionMask = 2147483647;
			files = (
				7375442E2D21015100547D96 /* UIKit.framework in Frameworks */,
				73188F922D251E6C00438B60 /* Lottie in Frameworks */,
			);
			runOnlyForDeploymentPostprocessing = 0;
		};
		73A873302D1FD2EB00BC1E80 /* Frameworks */ = {
			isa = PBXFrameworksBuildPhase;
			buildActionMask = 2147483647;
			files = (
			);
			runOnlyForDeploymentPostprocessing = 0;
		};
		73A8733A2D1FD2EB00BC1E80 /* Frameworks */ = {
			isa = PBXFrameworksBuildPhase;
			buildActionMask = 2147483647;
			files = (
			);
			runOnlyForDeploymentPostprocessing = 0;
		};
/* End PBXFrameworksBuildPhase section */

/* Begin PBXGroup section */
		7375442C2D21015000547D96 /* Frameworks */ = {
			isa = PBXGroup;
			children = (
				7375442D2D21015100547D96 /* UIKit.framework */,
			);
			name = Frameworks;
			sourceTree = "<group>";
		};
		73A8731A2D1FD2E700BC1E80 = {
			isa = PBXGroup;
			children = (
				73C01C402D2E1F0E0095E457 /* Settings.bundle */,
				73A873252D1FD2E800BC1E80 /* Friday */,
				73A873362D1FD2EB00BC1E80 /* FridayTests */,
				73A873402D1FD2EB00BC1E80 /* FridayUITests */,
				7375442C2D21015000547D96 /* Frameworks */,
				73A873242D1FD2E800BC1E80 /* Products */,
			);
			sourceTree = "<group>";
		};
		73A873242D1FD2E800BC1E80 /* Products */ = {
			isa = PBXGroup;
			children = (
				73A873232D1FD2E800BC1E80 /* Friday.app */,
				73A873332D1FD2EB00BC1E80 /* FridayTests.xctest */,
				73A8733D2D1FD2EB00BC1E80 /* FridayUITests.xctest */,
			);
			name = Products;
			sourceTree = "<group>";
		};
/* End PBXGroup section */

/* Begin PBXNativeTarget section */
		73A873222D1FD2E800BC1E80 /* Friday */ = {
			isa = PBXNativeTarget;
			buildConfigurationList = 73A873472D1FD2EB00BC1E80 /* Build configuration list for PBXNativeTarget "Friday" */;
			buildPhases = (
				73A8731F2D1FD2E800BC1E80 /* Sources */,
				73A873202D1FD2E800BC1E80 /* Frameworks */,
				73A873212D1FD2E800BC1E80 /* Resources */,
			);
			buildRules = (
			);
			dependencies = (
			);
			fileSystemSynchronizedGroups = (
				73A873252D1FD2E800BC1E80 /* Friday */,
			);
			name = Friday;
			packageProductDependencies = (
				73188F912D251E6C00438B60 /* Lottie */,
			);
			productName = Friday;
			productReference = 73A873232D1FD2E800BC1E80 /* Friday.app */;
			productType = "com.apple.product-type.application";
		};
		73A873322D1FD2EB00BC1E80 /* FridayTests */ = {
			isa = PBXNativeTarget;
			buildConfigurationList = 73A8734A2D1FD2EB00BC1E80 /* Build configuration list for PBXNativeTarget "FridayTests" */;
			buildPhases = (
				73A8732F2D1FD2EB00BC1E80 /* Sources */,
				73A873302D1FD2EB00BC1E80 /* Frameworks */,
				73A873312D1FD2EB00BC1E80 /* Resources */,
			);
			buildRules = (
			);
			dependencies = (
				73A873352D1FD2EB00BC1E80 /* PBXTargetDependency */,
			);
			fileSystemSynchronizedGroups = (
				73A873362D1FD2EB00BC1E80 /* FridayTests */,
			);
			name = FridayTests;
			packageProductDependencies = (
			);
			productName = FridayTests;
			productReference = 73A873332D1FD2EB00BC1E80 /* FridayTests.xctest */;
			productType = "com.apple.product-type.bundle.unit-test";
		};
		73A8733C2D1FD2EB00BC1E80 /* FridayUITests */ = {
			isa = PBXNativeTarget;
			buildConfigurationList = 73A8734D2D1FD2EB00BC1E80 /* Build configuration list for PBXNativeTarget "FridayUITests" */;
			buildPhases = (
				73A873392D1FD2EB00BC1E80 /* Sources */,
				73A8733A2D1FD2EB00BC1E80 /* Frameworks */,
				73A8733B2D1FD2EB00BC1E80 /* Resources */,
			);
			buildRules = (
			);
			dependencies = (
				73A8733F2D1FD2EB00BC1E80 /* PBXTargetDependency */,
			);
			fileSystemSynchronizedGroups = (
				73A873402D1FD2EB00BC1E80 /* FridayUITests */,
			);
			name = FridayUITests;
			packageProductDependencies = (
			);
			productName = FridayUITests;
			productReference = 73A8733D2D1FD2EB00BC1E80 /* FridayUITests.xctest */;
			productType = "com.apple.product-type.bundle.ui-testing";
		};
/* End PBXNativeTarget section */

/* Begin PBXProject section */
		73A8731B2D1FD2E700BC1E80 /* Project object */ = {
			isa = PBXProject;
			attributes = {
				BuildIndependentTargetsInParallel = 1;
				LastSwiftUpdateCheck = 1620;
				LastUpgradeCheck = 1620;
				TargetAttributes = {
					73A873222D1FD2E800BC1E80 = {
						CreatedOnToolsVersion = 16.2;
					};
					73A873322D1FD2EB00BC1E80 = {
						CreatedOnToolsVersion = 16.2;
						TestTargetID = 73A873222D1FD2E800BC1E80;
					};
					73A8733C2D1FD2EB00BC1E80 = {
						CreatedOnToolsVersion = 16.2;
						TestTargetID = 73A873222D1FD2E800BC1E80;
					};
				};
			};
			buildConfigurationList = 73A8731E2D1FD2E700BC1E80 /* Build configuration list for PBXProject "Friday" */;
			developmentRegion = en;
			hasScannedForEncodings = 0;
			knownRegions = (
				en,
				Base,
			);
			mainGroup = 73A8731A2D1FD2E700BC1E80;
			minimizedProjectReferenceProxies = 1;
			packageReferences = (
				73188F902D251E6C00438B60 /* XCRemoteSwiftPackageReference "lottie-ios" */,
			);
			preferredProjectObjectVersion = 77;
			productRefGroup = 73A873242D1FD2E800BC1E80 /* Products */;
			projectDirPath = "";
			projectRoot = "";
			targets = (
				73A873222D1FD2E800BC1E80 /* Friday */,
				73A873322D1FD2EB00BC1E80 /* FridayTests */,
				73A8733C2D1FD2EB00BC1E80 /* FridayUITests */,
			);
		};
/* End PBXProject section */

/* Begin PBXResourcesBuildPhase section */
		73A873212D1FD2E800BC1E80 /* Resources */ = {
			isa = PBXResourcesBuildPhase;
			buildActionMask = 2147483647;
			files = (
				73C01C412D2E1F0E0095E457 /* Settings.bundle in Resources */,
			);
			runOnlyForDeploymentPostprocessing = 0;
		};
		73A873312D1FD2EB00BC1E80 /* Resources */ = {
			isa = PBXResourcesBuildPhase;
			buildActionMask = 2147483647;
			files = (
			);
			runOnlyForDeploymentPostprocessing = 0;
		};
		73A8733B2D1FD2EB00BC1E80 /* Resources */ = {
			isa = PBXResourcesBuildPhase;
			buildActionMask = 2147483647;
			files = (
			);
			runOnlyForDeploymentPostprocessing = 0;
		};
/* End PBXResourcesBuildPhase section */

/* Begin PBXSourcesBuildPhase section */
		73A8731F2D1FD2E800BC1E80 /* Sources */ = {
			isa = PBXSourcesBuildPhase;
			buildActionMask = 2147483647;
			files = (
			);
			runOnlyForDeploymentPostprocessing = 0;
		};
		73A8732F2D1FD2EB00BC1E80 /* Sources */ = {
			isa = PBXSourcesBuildPhase;
			buildActionMask = 2147483647;
			files = (
			);
			runOnlyForDeploymentPostprocessing = 0;
		};
		73A873392D1FD2EB00BC1E80 /* Sources */ = {
			isa = PBXSourcesBuildPhase;
			buildActionMask = 2147483647;
			files = (
			);
			runOnlyForDeploymentPostprocessing = 0;
		};
/* End PBXSourcesBuildPhase section */

/* Begin PBXTargetDependency section */
		73A873352D1FD2EB00BC1E80 /* PBXTargetDependency */ = {
			isa = PBXTargetDependency;
			target = 73A873222D1FD2E800BC1E80 /* Friday */;
			targetProxy = 73A873342D1FD2EB00BC1E80 /* PBXContainerItemProxy */;
		};
		73A8733F2D1FD2EB00BC1E80 /* PBXTargetDependency */ = {
			isa = PBXTargetDependency;
			target = 73A873222D1FD2E800BC1E80 /* Friday */;
			targetProxy = 73A8733E2D1FD2EB00BC1E80 /* PBXContainerItemProxy */;
		};
/* End PBXTargetDependency section */

/* Begin XCBuildConfiguration section */
		73A873452D1FD2EB00BC1E80 /* Debug */ = {
			isa = XCBuildConfiguration;
			buildSettings = {
				ALWAYS_SEARCH_USER_PATHS = NO;
				ASSETCATALOG_COMPILER_GENERATE_SWIFT_ASSET_SYMBOL_EXTENSIONS = YES;
				CLANG_ANALYZER_NONNULL = YES;
				CLANG_ANALYZER_NUMBER_OBJECT_CONVERSION = YES_AGGRESSIVE;
				CLANG_CXX_LANGUAGE_STANDARD = "gnu++20";
				CLANG_ENABLE_MODULES = YES;
				CLANG_ENABLE_OBJC_ARC = YES;
				CLANG_ENABLE_OBJC_WEAK = YES;
				CLANG_WARN_BLOCK_CAPTURE_AUTORELEASING = YES;
				CLANG_WARN_BOOL_CONVERSION = YES;
				CLANG_WARN_COMMA = YES;
				CLANG_WARN_CONSTANT_CONVERSION = YES;
				CLANG_WARN_DEPRECATED_OBJC_IMPLEMENTATIONS = YES;
				CLANG_WARN_DIRECT_OBJC_ISA_USAGE = YES_ERROR;
				CLANG_WARN_DOCUMENTATION_COMMENTS = YES;
				CLANG_WARN_EMPTY_BODY = YES;
				CLANG_WARN_ENUM_CONVERSION = YES;
				CLANG_WARN_INFINITE_RECURSION = YES;
				CLANG_WARN_INT_CONVERSION = YES;
				CLANG_WARN_NON_LITERAL_NULL_CONVERSION = YES;
				CLANG_WARN_OBJC_IMPLICIT_RETAIN_SELF = YES;
				CLANG_WARN_OBJC_LITERAL_CONVERSION = YES;
				CLANG_WARN_OBJC_ROOT_CLASS = YES_ERROR;
				CLANG_WARN_QUOTED_INCLUDE_IN_FRAMEWORK_HEADER = YES;
				CLANG_WARN_RANGE_LOOP_ANALYSIS = YES;
				CLANG_WARN_STRICT_PROTOTYPES = YES;
				CLANG_WARN_SUSPICIOUS_MOVE = YES;
				CLANG_WARN_UNGUARDED_AVAILABILITY = YES_AGGRESSIVE;
				CLANG_WARN_UNREACHABLE_CODE = YES;
				CLANG_WARN__DUPLICATE_METHOD_MATCH = YES;
				COPY_PHASE_STRIP = NO;
				DEBUG_INFORMATION_FORMAT = dwarf;
				ENABLE_STRICT_OBJC_MSGSEND = YES;
				ENABLE_TESTABILITY = YES;
				ENABLE_USER_SCRIPT_SANDBOXING = YES;
				GCC_C_LANGUAGE_STANDARD = gnu17;
				GCC_DYNAMIC_NO_PIC = NO;
				GCC_NO_COMMON_BLOCKS = YES;
				GCC_OPTIMIZATION_LEVEL = 0;
				GCC_PREPROCESSOR_DEFINITIONS = (
					"DEBUG=1",
					"$(inherited)",
				);
				GCC_WARN_64_TO_32_BIT_CONVERSION = YES;
				GCC_WARN_ABOUT_RETURN_TYPE = YES_ERROR;
				GCC_WARN_UNDECLARED_SELECTOR = YES;
				GCC_WARN_UNINITIALIZED_AUTOS = YES_AGGRESSIVE;
				GCC_WARN_UNUSED_FUNCTION = YES;
				GCC_WARN_UNUSED_VARIABLE = YES;
				IPHONEOS_DEPLOYMENT_TARGET = 18.2;
				LOCALIZATION_PREFERS_STRING_CATALOGS = YES;
				MTL_ENABLE_DEBUG_INFO = INCLUDE_SOURCE;
				MTL_FAST_MATH = YES;
				ONLY_ACTIVE_ARCH = YES;
				SDKROOT = iphoneos;
				SWIFT_ACTIVE_COMPILATION_CONDITIONS = "DEBUG $(inherited)";
				SWIFT_OPTIMIZATION_LEVEL = "-Onone";
			};
			name = Debug;
		};
		73A873462D1FD2EB00BC1E80 /* Release */ = {
			isa = XCBuildConfiguration;
			buildSettings = {
				ALWAYS_SEARCH_USER_PATHS = NO;
				ASSETCATALOG_COMPILER_GENERATE_SWIFT_ASSET_SYMBOL_EXTENSIONS = YES;
				CLANG_ANALYZER_NONNULL = YES;
				CLANG_ANALYZER_NUMBER_OBJECT_CONVERSION = YES_AGGRESSIVE;
				CLANG_CXX_LANGUAGE_STANDARD = "gnu++20";
				CLANG_ENABLE_MODULES = YES;
				CLANG_ENABLE_OBJC_ARC = YES;
				CLANG_ENABLE_OBJC_WEAK = YES;
				CLANG_WARN_BLOCK_CAPTURE_AUTORELEASING = YES;
				CLANG_WARN_BOOL_CONVERSION = YES;
				CLANG_WARN_COMMA = YES;
				CLANG_WARN_CONSTANT_CONVERSION = YES;
				CLANG_WARN_DEPRECATED_OBJC_IMPLEMENTATIONS = YES;
				CLANG_WARN_DIRECT_OBJC_ISA_USAGE = YES_ERROR;
				CLANG_WARN_DOCUMENTATION_COMMENTS = YES;
				CLANG_WARN_EMPTY_BODY = YES;
				CLANG_WARN_ENUM_CONVERSION = YES;
				CLANG_WARN_INFINITE_RECURSION = YES;
				CLANG_WARN_INT_CONVERSION = YES;
				CLANG_WARN_NON_LITERAL_NULL_CONVERSION = YES;
				CLANG_WARN_OBJC_IMPLICIT_RETAIN_SELF = YES;
				CLANG_WARN_OBJC_LITERAL_CONVERSION = YES;
				CLANG_WARN_OBJC_ROOT_CLASS = YES_ERROR;
				CLANG_WARN_QUOTED_INCLUDE_IN_FRAMEWORK_HEADER = YES;
				CLANG_WARN_RANGE_LOOP_ANALYSIS = YES;
				CLANG_WARN_STRICT_PROTOTYPES = YES;
				CLANG_WARN_SUSPICIOUS_MOVE = YES;
				CLANG_WARN_UNGUARDED_AVAILABILITY = YES_AGGRESSIVE;
				CLANG_WARN_UNREACHABLE_CODE = YES;
				CLANG_WARN__DUPLICATE_METHOD_MATCH = YES;
				COPY_PHASE_STRIP = NO;
				DEBUG_INFORMATION_FORMAT = "dwarf-with-dsym";
				ENABLE_NS_ASSERTIONS = NO;
				ENABLE_STRICT_OBJC_MSGSEND = YES;
				ENABLE_USER_SCRIPT_SANDBOXING = YES;
				GCC_C_LANGUAGE_STANDARD = gnu17;
				GCC_NO_COMMON_BLOCKS = YES;
				GCC_WARN_64_TO_32_BIT_CONVERSION = YES;
				GCC_WARN_ABOUT_RETURN_TYPE = YES_ERROR;
				GCC_WARN_UNDECLARED_SELECTOR = YES;
				GCC_WARN_UNINITIALIZED_AUTOS = YES_AGGRESSIVE;
				GCC_WARN_UNUSED_FUNCTION = YES;
				GCC_WARN_UNUSED_VARIABLE = YES;
				IPHONEOS_DEPLOYMENT_TARGET = 18.2;
				LOCALIZATION_PREFERS_STRING_CATALOGS = YES;
				MTL_ENABLE_DEBUG_INFO = NO;
				MTL_FAST_MATH = YES;
				SDKROOT = iphoneos;
				SWIFT_COMPILATION_MODE = wholemodule;
				VALIDATE_PRODUCT = YES;
			};
			name = Release;
		};
		73A873482D1FD2EB00BC1E80 /* Debug */ = {
			isa = XCBuildConfiguration;
			buildSettings = {
				ASSETCATALOG_COMPILER_APPICON_NAME = AppIcon;
				ASSETCATALOG_COMPILER_GLOBAL_ACCENT_COLOR_NAME = AccentColor;
				CODE_SIGN_ENTITLEMENTS = Friday/Friday.entitlements;
				CODE_SIGN_STYLE = Automatic;
				CURRENT_PROJECT_VERSION = 1;
				DEVELOPMENT_ASSET_PATHS = "\"Friday/Preview Content\"";
				DEVELOPMENT_TEAM = WDNN2CF754;
				ENABLE_PREVIEWS = YES;
				GENERATE_INFOPLIST_FILE = YES;
				INFOPLIST_FILE = Friday/Info.plist;
				INFOPLIST_KEY_NSMicrophoneUsageDescription = "\"We need access to your microphone to record audio\"";
				INFOPLIST_KEY_NSSpeechRecognitionUsageDescription = "\"We need speech recognition to transcribe your recordings\"";
				INFOPLIST_KEY_UIApplicationSupportsIndirectInputEvents = YES;
				INFOPLIST_KEY_UILaunchScreen_Generation = YES;
				INFOPLIST_KEY_UIStatusBarStyle = "";
				INFOPLIST_KEY_UISupportedInterfaceOrientations_iPad = "UIInterfaceOrientationPortrait UIInterfaceOrientationPortraitUpsideDown UIInterfaceOrientationLandscapeLeft UIInterfaceOrientationLandscapeRight";
				INFOPLIST_KEY_UISupportedInterfaceOrientations_iPhone = "UIInterfaceOrientationPortrait UIInterfaceOrientationLandscapeLeft UIInterfaceOrientationLandscapeRight";
				IPHONEOS_DEPLOYMENT_TARGET = 15.6;
				LD_RUNPATH_SEARCH_PATHS = (
					"$(inherited)",
					"@executable_path/Frameworks",
				);
				MARKETING_VERSION = 1.0;
				PRODUCT_BUNDLE_IDENTIFIER = "EdenCode-LLC.Friday";
				PRODUCT_NAME = "$(TARGET_NAME)";
				SWIFT_EMIT_LOC_STRINGS = YES;
				SWIFT_VERSION = 5.0;
				TARGETED_DEVICE_FAMILY = "1,2";
			};
			name = Debug;
		};
		73A873492D1FD2EB00BC1E80 /* Release */ = {
			isa = XCBuildConfiguration;
			buildSettings = {
				ASSETCATALOG_COMPILER_APPICON_NAME = AppIcon;
				ASSETCATALOG_COMPILER_GLOBAL_ACCENT_COLOR_NAME = AccentColor;
				CODE_SIGN_ENTITLEMENTS = Friday/Friday.entitlements;
				CODE_SIGN_STYLE = Automatic;
				CURRENT_PROJECT_VERSION = 1;
				DEVELOPMENT_ASSET_PATHS = "\"Friday/Preview Content\"";
				DEVELOPMENT_TEAM = WDNN2CF754;
				ENABLE_PREVIEWS = YES;
				GENERATE_INFOPLIST_FILE = YES;
				INFOPLIST_FILE = Friday/Info.plist;
				INFOPLIST_KEY_NSMicrophoneUsageDescription = "\"We need access to your microphone to record audio\"";
				INFOPLIST_KEY_NSSpeechRecognitionUsageDescription = "\"We need speech recognition to transcribe your recordings\"";
				INFOPLIST_KEY_UIApplicationSupportsIndirectInputEvents = YES;
				INFOPLIST_KEY_UILaunchScreen_Generation = YES;
				INFOPLIST_KEY_UIStatusBarStyle = "";
				INFOPLIST_KEY_UISupportedInterfaceOrientations_iPad = "UIInterfaceOrientationPortrait UIInterfaceOrientationPortraitUpsideDown UIInterfaceOrientationLandscapeLeft UIInterfaceOrientationLandscapeRight";
				INFOPLIST_KEY_UISupportedInterfaceOrientations_iPhone = "UIInterfaceOrientationPortrait UIInterfaceOrientationLandscapeLeft UIInterfaceOrientationLandscapeRight";
				IPHONEOS_DEPLOYMENT_TARGET = 15.6;
				LD_RUNPATH_SEARCH_PATHS = (
					"$(inherited)",
					"@executable_path/Frameworks",
				);
				MARKETING_VERSION = 1.0;
				PRODUCT_BUNDLE_IDENTIFIER = "EdenCode-LLC.Friday";
				PRODUCT_NAME = "$(TARGET_NAME)";
				SWIFT_EMIT_LOC_STRINGS = YES;
				SWIFT_VERSION = 5.0;
				TARGETED_DEVICE_FAMILY = "1,2";
			};
			name = Release;
		};
		73A8734B2D1FD2EB00BC1E80 /* Debug */ = {
			isa = XCBuildConfiguration;
			buildSettings = {
				BUNDLE_LOADER = "$(TEST_HOST)";
				CODE_SIGN_STYLE = Automatic;
				CURRENT_PROJECT_VERSION = 1;
				DEVELOPMENT_TEAM = WDNN2CF754;
				GENERATE_INFOPLIST_FILE = YES;
				IPHONEOS_DEPLOYMENT_TARGET = 18.2;
				MARKETING_VERSION = 1.0;
				PRODUCT_BUNDLE_IDENTIFIER = "EdenCode-LLC.FridayTests";
				PRODUCT_NAME = "$(TARGET_NAME)";
				SWIFT_EMIT_LOC_STRINGS = NO;
				SWIFT_VERSION = 5.0;
				TARGETED_DEVICE_FAMILY = "1,2";
				TEST_HOST = "$(BUILT_PRODUCTS_DIR)/Friday.app/$(BUNDLE_EXECUTABLE_FOLDER_PATH)/Friday";
			};
			name = Debug;
		};
		73A8734C2D1FD2EB00BC1E80 /* Release */ = {
			isa = XCBuildConfiguration;
			buildSettings = {
				BUNDLE_LOADER = "$(TEST_HOST)";
				CODE_SIGN_STYLE = Automatic;
				CURRENT_PROJECT_VERSION = 1;
				DEVELOPMENT_TEAM = WDNN2CF754;
				GENERATE_INFOPLIST_FILE = YES;
				IPHONEOS_DEPLOYMENT_TARGET = 18.2;
				MARKETING_VERSION = 1.0;
				PRODUCT_BUNDLE_IDENTIFIER = "EdenCode-LLC.FridayTests";
				PRODUCT_NAME = "$(TARGET_NAME)";
				SWIFT_EMIT_LOC_STRINGS = NO;
				SWIFT_VERSION = 5.0;
				TARGETED_DEVICE_FAMILY = "1,2";
				TEST_HOST = "$(BUILT_PRODUCTS_DIR)/Friday.app/$(BUNDLE_EXECUTABLE_FOLDER_PATH)/Friday";
			};
			name = Release;
		};
		73A8734E2D1FD2EB00BC1E80 /* Debug */ = {
			isa = XCBuildConfiguration;
			buildSettings = {
				CODE_SIGN_STYLE = Automatic;
				CURRENT_PROJECT_VERSION = 1;
				DEVELOPMENT_TEAM = WDNN2CF754;
				GENERATE_INFOPLIST_FILE = YES;
				MARKETING_VERSION = 1.0;
				PRODUCT_BUNDLE_IDENTIFIER = "EdenCode-LLC.FridayUITests";
				PRODUCT_NAME = "$(TARGET_NAME)";
				SWIFT_EMIT_LOC_STRINGS = NO;
				SWIFT_VERSION = 5.0;
				TARGETED_DEVICE_FAMILY = "1,2";
				TEST_TARGET_NAME = Friday;
			};
			name = Debug;
		};
		73A8734F2D1FD2EB00BC1E80 /* Release */ = {
			isa = XCBuildConfiguration;
			buildSettings = {
				CODE_SIGN_STYLE = Automatic;
				CURRENT_PROJECT_VERSION = 1;
				DEVELOPMENT_TEAM = WDNN2CF754;
				GENERATE_INFOPLIST_FILE = YES;
				MARKETING_VERSION = 1.0;
				PRODUCT_BUNDLE_IDENTIFIER = "EdenCode-LLC.FridayUITests";
				PRODUCT_NAME = "$(TARGET_NAME)";
				SWIFT_EMIT_LOC_STRINGS = NO;
				SWIFT_VERSION = 5.0;
				TARGETED_DEVICE_FAMILY = "1,2";
				TEST_TARGET_NAME = Friday;
			};
			name = Release;
		};
/* End XCBuildConfiguration section */

/* Begin XCConfigurationList section */
		73A8731E2D1FD2E700BC1E80 /* Build configuration list for PBXProject "Friday" */ = {
			isa = XCConfigurationList;
			buildConfigurations = (
				73A873452D1FD2EB00BC1E80 /* Debug */,
				73A873462D1FD2EB00BC1E80 /* Release */,
			);
			defaultConfigurationIsVisible = 0;
			defaultConfigurationName = Release;
		};
		73A873472D1FD2EB00BC1E80 /* Build configuration list for PBXNativeTarget "Friday" */ = {
			isa = XCConfigurationList;
			buildConfigurations = (
				73A873482D1FD2EB00BC1E80 /* Debug */,
				73A873492D1FD2EB00BC1E80 /* Release */,
			);
			defaultConfigurationIsVisible = 0;
			defaultConfigurationName = Release;
		};
		73A8734A2D1FD2EB00BC1E80 /* Build configuration list for PBXNativeTarget "FridayTests" */ = {
			isa = XCConfigurationList;
			buildConfigurations = (
				73A8734B2D1FD2EB00BC1E80 /* Debug */,
				73A8734C2D1FD2EB00BC1E80 /* Release */,
			);
			defaultConfigurationIsVisible = 0;
			defaultConfigurationName = Release;
		};
		73A8734D2D1FD2EB00BC1E80 /* Build configuration list for PBXNativeTarget "FridayUITests" */ = {
			isa = XCConfigurationList;
			buildConfigurations = (
				73A8734E2D1FD2EB00BC1E80 /* Debug */,
				73A8734F2D1FD2EB00BC1E80 /* Release */,
			);
			defaultConfigurationIsVisible = 0;
			defaultConfigurationName = Release;
		};
/* End XCConfigurationList section */

/* Begin XCRemoteSwiftPackageReference section */
		73188F902D251E6C00438B60 /* XCRemoteSwiftPackageReference "lottie-ios" */ = {
			isa = XCRemoteSwiftPackageReference;
			repositoryURL = "https://github.com/airbnb/lottie-ios.git";
			requirement = {
				kind = upToNextMajorVersion;
				minimumVersion = 4.5.0;
			};
		};
/* End XCRemoteSwiftPackageReference section */

/* Begin XCSwiftPackageProductDependency section */
		73188F912D251E6C00438B60 /* Lottie */ = {
			isa = XCSwiftPackageProductDependency;
			package = 73188F902D251E6C00438B60 /* XCRemoteSwiftPackageReference "lottie-ios" */;
			productName = Lottie;
		};
/* End XCSwiftPackageProductDependency section */
	};
	rootObject = 73A8731B2D1FD2E700BC1E80 /* Project object */;
}
